schema: '2.0'
stages:
  filter:
    cmd: python3 filter.py
    deps:
    - path: filter.py
      md5: 37e6211d69cac28b5b76f070d8df177d
      size: 389
    - path: weather-data/2006-04-10.csv
      md5: a9e0195f384c354b50dd4e5f70828dbd
      size: 4025
    params:
      params.yaml:
        filter.value: 20
    outs:
    - path: output/filter
      md5: 1837fb613728fce20b06d9eed0d5dda9.dir
      size: 256
      nfiles: 1
