schema: '2.0'
stages:
  filter:
    cmd: python3 filter.py
    deps:
    - path: filter.py
      md5: 37e6211d69cac28b5b76f070d8df177d
      size: 389
    - path: weather-data/2006-04-10.csv
      md5: 8bbf9965b94418240ad9c8a22f8c5042
      size: 4025
    params:
      params.yaml:
        filter.value: 19
    outs:
    - path: output/filter
      md5: a1f48e2cf99e78701a51e8bad7717b3c.dir
      size: 337
      nfiles: 1
  training:
    cmd: python3 training.py output/filter
    deps:
    - path: output/filter
      md5: a1f48e2cf99e78701a51e8bad7717b3c.dir
      size: 337
      nfiles: 1
    - path: training.py
      md5: decec27f44f4ab7f6fb817403c987626
      size: 547
    - path: weather-data/2006-04-10.csv
      md5: 8bbf9965b94418240ad9c8a22f8c5042
      size: 4025
    params:
      params.yaml:
        training.num_rows: 9
    outs:
    - path: output/training
      md5: 159d6134c28b1b8d787785b72aecfb04.dir
      size: 17
      nfiles: 1
